Microsoft Visual Studio Solution File, Format Version 12.00
# Visual Studio Version 17
VisualStudioVersion = 17.0.31903.59
MinimumVisualStudioVersion = 10.0.40219.1
Project("{FAE04EC0-301F-11D3-BF4B-00C04F79EFBC}") = "BolunPhone.Shell", "BolunPhone.Shell\BolunPhone.Shell.csproj", "{B0100001-3030-4000-9000-000000000001}"
EndProject
Global
EndGlobal
